
Microsoft Visual Studio Solution File, Format Version 12.00
# Visual Studio Version 17
VisualStudioVersion = 17.10.35013.160
MinimumVisualStudioVersion = 10.0.40219.1
Project("{8BC9CEB8-8B4A-11D0-8D11-00A0C91BC942}") = "learnopengl", "learnopengl.vcxproj", "{B32643C2-A369-46A5-A538-70F16B087553}"
EndProject
Global
	GlobalSection(SolutionConfigurationPlatforms) = preSolution
		Debug|x64 = Debug|x64
		Debug|x86 = Debug|x86
		Release|x64 = Release|x64
		Release|x86 = Release|x86
	EndGlobalSection
	GlobalSection(ProjectConfigurationPlatforms) = postSolution
		{B32643C2-A369-46A5-A538-70F16B087553}.Debug|x64.ActiveCfg = Debug|x64
		{B32643C2-A369-46A5-A538-70F16B087553}.Debug|x64.Build.0 = Debug|x64
		{B32643C2-A369-46A5-A538-70F16B087553}.Debug|x86.ActiveCfg = Debug|Win32
		{B32643C2-A369-46A5-A538-70F16B087553}.Debug|x86.Build.0 = Debug|Win32
		{B32643C2-A369-46A5-A538-70F16B087553}.Release|x64.ActiveCfg = Release|x64
		{B32643C2-A369-46A5-A538-70F16B087553}.Release|x64.Build.0 = Release|x64
		{B32643C2-A369-46A5-A538-70F16B087553}.Release|x86.ActiveCfg = Release|Win32
		{B32643C2-A369-46A5-A538-70F16B087553}.Release|x86.Build.0 = Release|Win32
	EndGlobalSection
	GlobalSection(SolutionProperties) = preSolution
		HideSolutionNode = FALSE
	EndGlobalSection
	GlobalSection(ExtensibilityGlobals) = postSolution
		SolutionGuid = {BFD9C3C0-72AF-44DC-AA5C-28F34C68761A}
	EndGlobalSection
EndGlobal
